<?xml version="1.0" encoding="utf-8"?>
<Project ToolsVersion="4.0" xmlns="http://schemas.microsoft.com/developer/msbuild/2003">
  <ItemGroup>
    <Filter Include="Source Files">
      <UniqueIdentifier>{4FC737F1-C7A5-4376-A066-2A32D752A2FF}</UniqueIdentifier>
      <Extensions>cpp;c;cc;cxx;def;odl;idl;hpj;bat;asm;asmx</Extensions>
    </Filter>
    <Filter Include="Header Files">
      <UniqueIdentifier>{93995380-89BD-4b04-88EB-625FBE52EBFB}</UniqueIdentifier>
      <Extensions>h;hpp;hxx;hm;inl;inc;xsd</Extensions>
    </Filter>
    <Filter Include="Resource Files">
      <UniqueIdentifier>{67DA6AB6-F800-4c08-8B7A-83BB121AAD01}</UniqueIdentifier>
      <Extensions>rc;ico;cur;bmp;dlg;rc2;rct;bin;rgs;gif;jpg;jpeg;jpe;resx;tiff;tif;png;wav;mfcribbon-ms</Extensions>
    </Filter>
    <Filter Include="Source Files\Sentinel_Engine">
      <UniqueIdentifier>{5fd69101-77e5-489f-b010-45531f94433a}</UniqueIdentifier>
    </Filter>
    <Filter Include="Source Files\Sentinel_Engine\Systems">
      <UniqueIdentifier>{28c0d9d3-4f3f-4ebd-9768-62ee33fec75c}</UniqueIdentifier>
    </Filter>
    <Filter Include="Source Files\Sentinel_Engine\Script">
      <UniqueIdentifier>{9494a011-9f6f-43c7-9b9a-7d233cda450f}</UniqueIdentifier>
    </Filter>
    <Filter Include="Source Files\Sentinel_Engine\Utilities">
      <UniqueIdentifier>{bfbad805-27f3-4734-b80a-261be0a396a1}</UniqueIdentifier>
    </Filter>
    <Filter Include="Source Files\Sentinel_Engine\Assets">
      <UniqueIdentifier>{8f3e59cb-0ab3-4561-9d4a-92c31731bb09}</UniqueIdentifier>
    </Filter>
    <Filter Include="Source Files\Sentinel_Engine\Math">
      <UniqueIdentifier>{08402c7d-d3db-4594-9806-c640f3c4316c}</UniqueIdentifier>
    </Filter>
    <Filter Include="Source Files\Sentinel_Engine\Network">
      <UniqueIdentifier>{7167c633-f746-4272-ae8d-5ee3e28eac3f}</UniqueIdentifier>
    </Filter>
    <Filter Include="Source Files\Sentinel_Engine\Components">
      <UniqueIdentifier>{f101b5d8-5670-45fa-9d75-20ec798388a1}</UniqueIdentifier>
    </Filter>
    <Filter Include="Source Files\Sentinel_Engine\Components\Drawables">
      <UniqueIdentifier>{6df0aaf8-b340-4c44-bb4a-da4ff26b58af}</UniqueIdentifier>
    </Filter>
    <Filter Include="Source Files\Sentinel_Engine\Components\Physics">
      <UniqueIdentifier>{7d929b97-e255-4090-9633-1b1aac43e26f}</UniqueIdentifier>
    </Filter>
    <Filter Include="Source Files\Sentinel_Engine\Utilities\zlib">
      <UniqueIdentifier>{78949fcc-380a-4bc3-9628-0eb31c44e922}</UniqueIdentifier>
    </Filter>
    <Filter Include="Source Files\Sentinel_Engine\Components\Audio">
      <UniqueIdentifier>{e9224033-8b9b-461b-a977-8a390cab6f08}</UniqueIdentifier>
    </Filter>
    <Filter Include="Source Files\Sentinel_Engine\GUI">
      <UniqueIdentifier>{9d095b94-5c58-4d1f-9928-df83977cd1a5}</UniqueIdentifier>
    </Filter>
    <Filter Include="Source Files\Sentinel_Engine\Assets\Manager">
      <UniqueIdentifier>{1afb54e4-934e-4d15-8c6b-441dd62e4b25}</UniqueIdentifier>
    </Filter>
    <Filter Include="Source Files\Sentinel_Engine\Systems\Physics">
      <UniqueIdentifier>{5da3953f-ae9e-499d-b464-1b830a40034a}</UniqueIdentifier>
    </Filter>
    <Filter Include="Source Files\Sentinel_Engine\Systems\Particles">
      <UniqueIdentifier>{5e1b0800-659e-4c14-93a2-190f05dd57f1}</UniqueIdentifier>
    </Filter>
    <Filter Include="Source Files\Sentinel_Engine\Misc">
      <UniqueIdentifier>{3119291a-095c-4bf1-a1e8-48f24082e756}</UniqueIdentifier>
    </Filter>
    <Filter Include="Source Files\Sentinel_Engine\Systems\Renderer">
      <UniqueIdentifier>{afab9e9f-7481-4d64-bf2f-716d8f74efcc}</UniqueIdentifier>
    </Filter>
    <Filter Include="Source Files\Sentinel_Engine\GUI\Model">
      <UniqueIdentifier>{933021b1-bf6c-4d6f-8998-65022345690e}</UniqueIdentifier>
    </Filter>
    <Filter Include="Source Files\Sentinel_Engine\GUI\View">
      <UniqueIdentifier>{ee7562f8-fae1-4366-9d10-8a50f52c42ef}</UniqueIdentifier>
    </Filter>
    <Filter Include="Source Files\Sentinel_Engine\GUI\Controller">
      <UniqueIdentifier>{0f38e9c2-5c70-48b1-912a-637692979b5b}</UniqueIdentifier>
    </Filter>
    <Filter Include="Source Files\Sentinel_Engine\Components\View">
      <UniqueIdentifier>{5e1aada5-4b20-46c4-8201-7cd3403d93bb}</UniqueIdentifier>
    </Filter>
    <Filter Include="Source Files\Sentinel_Engine\Systems\Renderer\GL">
      <UniqueIdentifier>{9ee354e0-8238-410b-828f-d127760e3d84}</UniqueIdentifier>
    </Filter>
    <Filter Include="Source Files\Sentinel_Engine\Systems\Renderer\DX">
      <UniqueIdentifier>{0a3b4c92-7da0-4063-9807-b09ac32eaab0}</UniqueIdentifier>
    </Filter>
    <Filter Include="Source Files\Sentinel_Engine\Components\Light">
      <UniqueIdentifier>{c3adc59e-9b08-4e4a-b114-5bc655c66a7f}</UniqueIdentifier>
    </Filter>
  </ItemGroup>
  <ItemGroup>
    <ClInclude Include="..\Engine\src\Vector4f.h">
      <Filter>Source Files\Sentinel_Engine\Math</Filter>
    </ClInclude>
    <ClInclude Include="..\Engine\src\MathCommon.h">
      <Filter>Source Files\Sentinel_Engine\Math</Filter>
    </ClInclude>
    <ClInclude Include="..\Engine\src\Matrix4f.h">
      <Filter>Source Files\Sentinel_Engine\Math</Filter>
    </ClInclude>
    <ClInclude Include="..\Engine\src\Quatf.h">
      <Filter>Source Files\Sentinel_Engine\Math</Filter>
    </ClInclude>
    <ClInclude Include="..\Engine\src\Vector2f.h">
      <Filter>Source Files\Sentinel_Engine\Math</Filter>
    </ClInclude>
    <ClInclude Include="..\Engine\src\Vector3f.h">
      <Filter>Source Files\Sentinel_Engine\Math</Filter>
    </ClInclude>
    <ClInclude Include="..\Engine\src\Util.h">
      <Filter>Source Files\Sentinel_Engine\Utilities</Filter>
    </ClInclude>
    <ClInclude Include="..\Engine\tinyxml\tinystr.h">
      <Filter>Source Files\Sentinel_Engine\Script</Filter>
    </ClInclude>
    <ClInclude Include="..\Engine\tinyxml\tinyxml.h">
      <Filter>Source Files\Sentinel_Engine\Script</Filter>
    </ClInclude>
    <ClInclude Include="..\Engine\src\Singleton.h">
      <Filter>Source Files\Sentinel_Engine\Utilities</Filter>
    </ClInclude>
    <ClInclude Include="..\Engine\src\CriticalSection.h">
      <Filter>Source Files\Sentinel_Engine\Utilities</Filter>
    </ClInclude>
    <ClInclude Include="..\Engine\src\Input.h">
      <Filter>Source Files\Sentinel_Engine\Systems</Filter>
    </ClInclude>
    <ClInclude Include="..\Engine\src\Mesh.h">
      <Filter>Source Files\Sentinel_Engine\Assets</Filter>
    </ClInclude>
    <ClInclude Include="..\Engine\src\MeshBuilder.h">
      <Filter>Source Files\Sentinel_Engine\Assets</Filter>
    </ClInclude>
    <ClInclude Include="..\Engine\src\Model.h">
      <Filter>Source Files\Sentinel_Engine\Assets</Filter>
    </ClInclude>
    <ClInclude Include="..\Engine\src\NetworkPacket.h">
      <Filter>Source Files\Sentinel_Engine\Network</Filter>
    </ClInclude>
    <ClInclude Include="..\Engine\src\NetworkSocket.h">
      <Filter>Source Files\Sentinel_Engine\Network</Filter>
    </ClInclude>
    <ClInclude Include="..\Engine\src\FixedPoint.h">
      <Filter>Source Files\Sentinel_Engine\Utilities</Filter>
    </ClInclude>
    <ClInclude Include="..\Engine\src\OrthographicCameraComponent.h">
      <Filter>Source Files\Sentinel_Engine\Components\View</Filter>
    </ClInclude>
    <ClInclude Include="..\Engine\src\PerspectiveCameraComponent.h">
      <Filter>Source Files\Sentinel_Engine\Components\View</Filter>
    </ClInclude>
    <ClInclude Include="..\Engine\src\CameraComponent.h">
      <Filter>Source Files\Sentinel_Engine\Components\View</Filter>
    </ClInclude>
    <ClInclude Include="..\Engine\src\DrawableComponent.h">
      <Filter>Source Files\Sentinel_Engine\Components\Drawables</Filter>
    </ClInclude>
    <ClInclude Include="..\Engine\src\MeshComponent.h">
      <Filter>Source Files\Sentinel_Engine\Components\Drawables</Filter>
    </ClInclude>
    <ClInclude Include="..\Engine\src\ModelComponent.h">
      <Filter>Source Files\Sentinel_Engine\Components\Drawables</Filter>
    </ClInclude>
    <ClInclude Include="..\Engine\src\SpriteComponent.h">
      <Filter>Source Files\Sentinel_Engine\Components\Drawables</Filter>
    </ClInclude>
    <ClInclude Include="..\Engine\src\PhysicsComponent.h">
      <Filter>Source Files\Sentinel_Engine\Components\Physics</Filter>
    </ClInclude>
    <ClInclude Include="..\Engine\src\AIControllerComponent.h">
      <Filter>Source Files\Sentinel_Engine\Components\Physics</Filter>
    </ClInclude>
    <ClInclude Include="..\Engine\src\PlayerControllerComponent.h">
      <Filter>Source Files\Sentinel_Engine\Components\Physics</Filter>
    </ClInclude>
    <ClInclude Include="..\Engine\src\ControllerComponent.h">
      <Filter>Source Files\Sentinel_Engine\Components\Physics</Filter>
    </ClInclude>
    <ClInclude Include="..\Engine\src\GameWorld.h">
      <Filter>Source Files\Sentinel_Engine\Components</Filter>
    </ClInclude>
    <ClInclude Include="..\Engine\src\GameObject.h">
      <Filter>Source Files\Sentinel_Engine\Components</Filter>
    </ClInclude>
    <ClInclude Include="..\Engine\src\CDPI.h">
      <Filter>Source Files\Sentinel_Engine\Utilities</Filter>
    </ClInclude>
    <ClInclude Include="..\Engine\src\RandomValue.h">
      <Filter>Source Files\Sentinel_Engine\Utilities</Filter>
    </ClInclude>
    <ClInclude Include="..\Engine\src\RefCounter.h">
      <Filter>Source Files\Sentinel_Engine\Utilities</Filter>
    </ClInclude>
    <ClInclude Include="..\Engine\src\Script.h">
      <Filter>Source Files\Sentinel_Engine\Script</Filter>
    </ClInclude>
    <ClInclude Include="..\Engine\src\Archive.h">
      <Filter>Source Files\Sentinel_Engine\Utilities</Filter>
    </ClInclude>
    <ClInclude Include="..\Engine\src\FloatCompressor.h">
      <Filter>Source Files\Sentinel_Engine\Utilities</Filter>
    </ClInclude>
    <ClInclude Include="..\Engine\src\AudioComponent.h">
      <Filter>Source Files\Sentinel_Engine\Components\Audio</Filter>
    </ClInclude>
    <ClInclude Include="..\Engine\src\AudioSystem.h">
      <Filter>Source Files\Sentinel_Engine\Systems</Filter>
    </ClInclude>
    <ClInclude Include="..\Engine\src\Timing.h">
      <Filter>Source Files\Sentinel_Engine\Systems</Filter>
    </ClInclude>
    <ClInclude Include="..\Engine\src\Sound.h">
      <Filter>Source Files\Sentinel_Engine\Assets</Filter>
    </ClInclude>
    <ClInclude Include="..\Engine\src\ParticleEmitterComponent.h">
      <Filter>Source Files\Sentinel_Engine\Components\Drawables</Filter>
    </ClInclude>
    <ClInclude Include="..\Engine\src\Sprite.h">
      <Filter>Source Files\Sentinel_Engine\Assets</Filter>
    </ClInclude>
    <ClInclude Include="..\Engine\src\TriggerComponent.h">
      <Filter>Source Files\Sentinel_Engine\Components\Physics</Filter>
    </ClInclude>
    <ClInclude Include="..\Engine\src\SpriteSystem.h">
      <Filter>Source Files\Sentinel_Engine\Systems</Filter>
    </ClInclude>
    <ClInclude Include="..\Engine\src\TransformComponent.h">
      <Filter>Source Files\Sentinel_Engine\Components\Physics</Filter>
    </ClInclude>
    <ClInclude Include="..\Engine\src\AssetManager.h">
      <Filter>Source Files\Sentinel_Engine\Assets\Manager</Filter>
    </ClInclude>
    <ClInclude Include="..\Engine\src\MeshManager.h">
      <Filter>Source Files\Sentinel_Engine\Assets\Manager</Filter>
    </ClInclude>
    <ClInclude Include="..\Engine\src\ModelManager.h">
      <Filter>Source Files\Sentinel_Engine\Assets\Manager</Filter>
    </ClInclude>
    <ClInclude Include="..\Engine\src\ShaderManager.h">
      <Filter>Source Files\Sentinel_Engine\Assets\Manager</Filter>
    </ClInclude>
    <ClInclude Include="..\Engine\src\SoundManager.h">
      <Filter>Source Files\Sentinel_Engine\Assets\Manager</Filter>
    </ClInclude>
    <ClInclude Include="..\Engine\src\TextureManager.h">
      <Filter>Source Files\Sentinel_Engine\Assets\Manager</Filter>
    </ClInclude>
    <ClInclude Include="..\Engine\src\SpriteManager.h">
      <Filter>Source Files\Sentinel_Engine\Assets\Manager</Filter>
    </ClInclude>
    <ClInclude Include="..\Engine\src\GameWindow.h">
      <Filter>Source Files\Sentinel_Engine\Components</Filter>
    </ClInclude>
    <ClInclude Include="..\Engine\src\WidgetComponent.h">
      <Filter>Source Files\Sentinel_Engine\Components\Drawables</Filter>
    </ClInclude>
    <ClInclude Include="..\Engine\src\GUI\Widget.h">
      <Filter>Source Files\Sentinel_Engine\GUI</Filter>
    </ClInclude>
    <ClInclude Include="..\Engine\src\Serializable.h">
      <Filter>Source Files\Sentinel_Engine\Utilities</Filter>
    </ClInclude>
    <ClInclude Include="..\Engine\src\Common.h">
      <Filter>Source Files\Sentinel_Engine\Utilities</Filter>
    </ClInclude>
    <ClInclude Include="..\Engine\src\FontSystem.h">
      <Filter>Source Files\Sentinel_Engine\Systems</Filter>
    </ClInclude>
    <ClInclude Include="..\Engine\src\PhysicsConstraintComponent.h">
      <Filter>Source Files\Sentinel_Engine\Components\Physics</Filter>
    </ClInclude>
    <ClInclude Include="..\Engine\src\PhysicsShapeComponent.h">
      <Filter>Source Files\Sentinel_Engine\Components\Physics</Filter>
    </ClInclude>
    <ClInclude Include="..\Engine\src\PhysicsRigidBodyComponent.h">
      <Filter>Source Files\Sentinel_Engine\Components\Physics</Filter>
    </ClInclude>
    <ClInclude Include="..\Engine\src\PhysicsSystem.h">
      <Filter>Source Files\Sentinel_Engine\Systems\Physics</Filter>
    </ClInclude>
    <ClInclude Include="..\Engine\src\PhysicsShape.h">
      <Filter>Source Files\Sentinel_Engine\Systems\Physics</Filter>
    </ClInclude>
    <ClInclude Include="..\Engine\src\ParticleSystem.h">
      <Filter>Source Files\Sentinel_Engine\Systems\Particles</Filter>
    </ClInclude>
    <ClInclude Include="..\Engine\src\Particle.h">
      <Filter>Source Files\Sentinel_Engine\Systems\Particles</Filter>
    </ClInclude>
    <ClInclude Include="..\Engine\src\ParticleEffect.h">
      <Filter>Source Files\Sentinel_Engine\Systems\Particles</Filter>
    </ClInclude>
    <ClInclude Include="..\Engine\src\ColorRGBA.h">
      <Filter>Source Files\Sentinel_Engine\Misc</Filter>
    </ClInclude>
    <ClInclude Include="..\Engine\src\Point.h">
      <Filter>Source Files\Sentinel_Engine\Misc</Filter>
    </ClInclude>
    <ClInclude Include="..\Engine\src\ListNode.h">
      <Filter>Source Files\Sentinel_Engine\Misc</Filter>
    </ClInclude>
    <ClInclude Include="..\Engine\src\RendererTypes.h">
      <Filter>Source Files\Sentinel_Engine\Systems\Renderer</Filter>
    </ClInclude>
    <ClInclude Include="..\Engine\src\Renderer.h">
      <Filter>Source Files\Sentinel_Engine\Systems\Renderer</Filter>
    </ClInclude>
    <ClInclude Include="..\Engine\src\GUI\WidgetObject.h">
      <Filter>Source Files\Sentinel_Engine\GUI</Filter>
    </ClInclude>
    <ClInclude Include="..\Engine\src\GUI\ViewWidget.h">
      <Filter>Source Files\Sentinel_Engine\GUI\View</Filter>
    </ClInclude>
    <ClInclude Include="..\Engine\src\GUI\ControllerWidget.h">
      <Filter>Source Files\Sentinel_Engine\GUI\Controller</Filter>
    </ClInclude>
    <ClInclude Include="..\Engine\src\GUI\WidgetWorld.h">
      <Filter>Source Files\Sentinel_Engine\GUI</Filter>
    </ClInclude>
    <ClInclude Include="..\Engine\src\GUI\SpriteViewWidget.h">
      <Filter>Source Files\Sentinel_Engine\GUI\View</Filter>
    </ClInclude>
    <ClInclude Include="..\Engine\src\GUI\SpriteControllerWidget.h">
      <Filter>Source Files\Sentinel_Engine\GUI\Controller</Filter>
    </ClInclude>
    <ClInclude Include="..\Engine\src\GUI\Button.h">
      <Filter>Source Files\Sentinel_Engine\GUI\Controller</Filter>
    </ClInclude>
    <ClInclude Include="..\Engine\src\GUI\SpriteButtonWidget.h">
      <Filter>Source Files\Sentinel_Engine\GUI\Controller</Filter>
    </ClInclude>
    <ClInclude Include="..\Engine\src\GUI\LabelWidget.h">
      <Filter>Source Files\Sentinel_Engine\GUI\View</Filter>
    </ClInclude>
    <ClInclude Include="..\Engine\src\GUI\MeshViewWidget.h">
      <Filter>Source Files\Sentinel_Engine\GUI\View</Filter>
    </ClInclude>
    <ClInclude Include="..\Engine\src\GameComponent.h">
      <Filter>Source Files\Sentinel_Engine\Components</Filter>
    </ClInclude>
    <ClInclude Include="..\Engine\src\Shape.h">
      <Filter>Source Files\Sentinel_Engine\Misc</Filter>
    </ClInclude>
    <ClInclude Include="..\Engine\src\GUI\ModelWidget.h">
      <Filter>Source Files\Sentinel_Engine\GUI\Model</Filter>
    </ClInclude>
    <ClInclude Include="..\Engine\src\Debug.h">
      <Filter>Source Files\Sentinel_Engine\Systems</Filter>
    </ClInclude>
    <ClInclude Include="..\Engine\src\Tokenizer.h">
      <Filter>Source Files\Sentinel_Engine\Utilities</Filter>
    </ClInclude>
    <ClInclude Include="..\Engine\src\VertexLayout.h">
      <Filter>Source Files\Sentinel_Engine\Systems\Renderer</Filter>
    </ClInclude>
    <ClInclude Include="..\Engine\src\Buffer.h">
      <Filter>Source Files\Sentinel_Engine\Systems\Renderer</Filter>
    </ClInclude>
    <ClInclude Include="..\Engine\src\GL\BufferGL.h">
      <Filter>Source Files\Sentinel_Engine\Systems\Renderer\GL</Filter>
    </ClInclude>
    <ClInclude Include="..\Engine\src\GL\CommonGL.h">
      <Filter>Source Files\Sentinel_Engine\Systems\Renderer\GL</Filter>
    </ClInclude>
    <ClInclude Include="..\Engine\src\GL\ShaderGL.h">
      <Filter>Source Files\Sentinel_Engine\Systems\Renderer\GL</Filter>
    </ClInclude>
    <ClInclude Include="..\Engine\src\GL\TextureGL.h">
      <Filter>Source Files\Sentinel_Engine\Systems\Renderer\GL</Filter>
    </ClInclude>
    <ClInclude Include="..\Engine\src\GL\VertexLayoutGL.h">
      <Filter>Source Files\Sentinel_Engine\Systems\Renderer\GL</Filter>
    </ClInclude>
    <ClInclude Include="..\Engine\src\DX\BufferDX.h">
      <Filter>Source Files\Sentinel_Engine\Systems\Renderer\DX</Filter>
    </ClInclude>
    <ClInclude Include="..\Engine\src\DX\CommonDX.h">
      <Filter>Source Files\Sentinel_Engine\Systems\Renderer\DX</Filter>
    </ClInclude>
    <ClInclude Include="..\Engine\src\DX\TextureDX.h">
      <Filter>Source Files\Sentinel_Engine\Systems\Renderer\DX</Filter>
    </ClInclude>
    <ClInclude Include="..\Engine\src\DX\ShaderDX.h">
      <Filter>Source Files\Sentinel_Engine\Systems\Renderer\DX</Filter>
    </ClInclude>
    <ClInclude Include="..\Engine\src\DX\VertexLayoutDX.h">
      <Filter>Source Files\Sentinel_Engine\Systems\Renderer\DX</Filter>
    </ClInclude>
    <ClInclude Include="..\Engine\src\MaterialManager.h">
      <Filter>Source Files\Sentinel_Engine\Assets\Manager</Filter>
    </ClInclude>
    <ClInclude Include="..\Engine\src\Material.h">
      <Filter>Source Files\Sentinel_Engine\Assets</Filter>
    </ClInclude>
    <ClInclude Include="..\Engine\src\PointLightComponent.h">
      <Filter>Source Files\Sentinel_Engine\Components\Light</Filter>
    </ClInclude>
    <ClInclude Include="..\Engine\src\LightComponent.h">
      <Filter>Source Files\Sentinel_Engine\Components\Light</Filter>
    </ClInclude>
    <ClInclude Include="..\Engine\src\dirent.h">
      <Filter>Source Files\Sentinel_Engine\Utilities</Filter>
    </ClInclude>
    <ClInclude Include="..\Engine\src\Shader.h">
      <Filter>Source Files\Sentinel_Engine\Systems\Renderer</Filter>
    </ClInclude>
    <ClInclude Include="..\Engine\src\Texture.h">
      <Filter>Source Files\Sentinel_Engine\Systems\Renderer</Filter>
    </ClInclude>
  </ItemGroup>
  <ItemGroup>
    <ClCompile Include="..\Engine\src\MathCommon.cpp">
      <Filter>Source Files\Sentinel_Engine\Math</Filter>
    </ClCompile>
    <ClCompile Include="..\Engine\src\Matrix4f.cpp">
      <Filter>Source Files\Sentinel_Engine\Math</Filter>
    </ClCompile>
    <ClCompile Include="..\Engine\src\Quatf.cpp">
      <Filter>Source Files\Sentinel_Engine\Math</Filter>
    </ClCompile>
    <ClCompile Include="..\Engine\src\Vector2f.cpp">
      <Filter>Source Files\Sentinel_Engine\Math</Filter>
    </ClCompile>
    <ClCompile Include="..\Engine\src\Vector3f.cpp">
      <Filter>Source Files\Sentinel_Engine\Math</Filter>
    </ClCompile>
    <ClCompile Include="..\Engine\src\Vector4f.cpp">
      <Filter>Source Files\Sentinel_Engine\Math</Filter>
    </ClCompile>
    <ClCompile Include="..\Engine\src\Util.cpp">
      <Filter>Source Files\Sentinel_Engine\Utilities</Filter>
    </ClCompile>
    <ClCompile Include="..\Engine\src\stb_image.c">
      <Filter>Source Files\Sentinel_Engine\Utilities</Filter>
    </ClCompile>
    <ClCompile Include="..\Engine\tinyxml\tinystr.cpp">
      <Filter>Source Files\Sentinel_Engine\Script</Filter>
    </ClCompile>
    <ClCompile Include="..\Engine\tinyxml\tinyxmlparser.cpp">
      <Filter>Source Files\Sentinel_Engine\Script</Filter>
    </ClCompile>
    <ClCompile Include="..\Engine\tinyxml\tinyxml.cpp">
      <Filter>Source Files\Sentinel_Engine\Script</Filter>
    </ClCompile>
    <ClCompile Include="..\Engine\tinyxml\tinyxmlerror.cpp">
      <Filter>Source Files\Sentinel_Engine\Script</Filter>
    </ClCompile>
    <ClCompile Include="..\Engine\src\Input.cpp">
      <Filter>Source Files\Sentinel_Engine\Systems</Filter>
    </ClCompile>
    <ClCompile Include="..\Engine\src\Mesh.cpp">
      <Filter>Source Files\Sentinel_Engine\Assets</Filter>
    </ClCompile>
    <ClCompile Include="..\Engine\src\ModelM3D.cpp">
      <Filter>Source Files\Sentinel_Engine\Assets</Filter>
    </ClCompile>
    <ClCompile Include="..\Engine\src\MeshBuilder.cpp">
      <Filter>Source Files\Sentinel_Engine\Assets</Filter>
    </ClCompile>
    <ClCompile Include="..\Engine\src\Model.cpp">
      <Filter>Source Files\Sentinel_Engine\Assets</Filter>
    </ClCompile>
    <ClCompile Include="..\Engine\src\NetworkPacket.cpp">
      <Filter>Source Files\Sentinel_Engine\Network</Filter>
    </ClCompile>
    <ClCompile Include="..\Engine\src\NetworkSocket.cpp">
      <Filter>Source Files\Sentinel_Engine\Network</Filter>
    </ClCompile>
    <ClCompile Include="..\Engine\src\CameraComponent.cpp">
      <Filter>Source Files\Sentinel_Engine\Components\View</Filter>
    </ClCompile>
    <ClCompile Include="..\Engine\src\OrthographicCameraComponent.cpp">
      <Filter>Source Files\Sentinel_Engine\Components\View</Filter>
    </ClCompile>
    <ClCompile Include="..\Engine\src\PerspectiveCameraComponent.cpp">
      <Filter>Source Files\Sentinel_Engine\Components\View</Filter>
    </ClCompile>
    <ClCompile Include="..\Engine\src\DrawableComponent.cpp">
      <Filter>Source Files\Sentinel_Engine\Components\Drawables</Filter>
    </ClCompile>
    <ClCompile Include="..\Engine\src\MeshComponent.cpp">
      <Filter>Source Files\Sentinel_Engine\Components\Drawables</Filter>
    </ClCompile>
    <ClCompile Include="..\Engine\src\ModelComponent.cpp">
      <Filter>Source Files\Sentinel_Engine\Components\Drawables</Filter>
    </ClCompile>
    <ClCompile Include="..\Engine\src\SpriteComponent.cpp">
      <Filter>Source Files\Sentinel_Engine\Components\Drawables</Filter>
    </ClCompile>
    <ClCompile Include="..\Engine\src\PhysicsComponent.cpp">
      <Filter>Source Files\Sentinel_Engine\Components\Physics</Filter>
    </ClCompile>
    <ClCompile Include="..\Engine\src\ControllerComponent.cpp">
      <Filter>Source Files\Sentinel_Engine\Components\Physics</Filter>
    </ClCompile>
    <ClCompile Include="..\Engine\src\PlayerControllerComponent.cpp">
      <Filter>Source Files\Sentinel_Engine\Components\Physics</Filter>
    </ClCompile>
    <ClCompile Include="..\Engine\src\GameObject.cpp">
      <Filter>Source Files\Sentinel_Engine\Components</Filter>
    </ClCompile>
    <ClCompile Include="..\Engine\src\GameWorld.cpp">
      <Filter>Source Files\Sentinel_Engine\Components</Filter>
    </ClCompile>
    <ClCompile Include="..\Engine\src\ModelOBJ.cpp">
      <Filter>Source Files\Sentinel_Engine\Assets</Filter>
    </ClCompile>
    <ClCompile Include="..\Engine\src\Script.cpp">
      <Filter>Source Files\Sentinel_Engine\Script</Filter>
    </ClCompile>
    <ClCompile Include="..\Engine\src\ScriptCompiler.cpp">
      <Filter>Source Files\Sentinel_Engine\Script</Filter>
    </ClCompile>
    <ClCompile Include="..\Engine\src\ScriptLexer.cpp">
      <Filter>Source Files\Sentinel_Engine\Script</Filter>
    </ClCompile>
    <ClCompile Include="..\Engine\src\ScriptNode.cpp">
      <Filter>Source Files\Sentinel_Engine\Script</Filter>
    </ClCompile>
    <ClCompile Include="..\Engine\src\ScriptParser.cpp">
      <Filter>Source Files\Sentinel_Engine\Script</Filter>
    </ClCompile>
    <ClCompile Include="..\Engine\src\Archive.cpp">
      <Filter>Source Files\Sentinel_Engine\Utilities</Filter>
    </ClCompile>
    <ClCompile Include="..\Engine\zlib-1.2.8\compress.c">
      <Filter>Source Files\Sentinel_Engine\Utilities\zlib</Filter>
    </ClCompile>
    <ClCompile Include="..\Engine\zlib-1.2.8\uncompr.c">
      <Filter>Source Files\Sentinel_Engine\Utilities\zlib</Filter>
    </ClCompile>
    <ClCompile Include="..\Engine\zlib-1.2.8\deflate.c">
      <Filter>Source Files\Sentinel_Engine\Utilities\zlib</Filter>
    </ClCompile>
    <ClCompile Include="..\Engine\zlib-1.2.8\inflate.c">
      <Filter>Source Files\Sentinel_Engine\Utilities\zlib</Filter>
    </ClCompile>
    <ClCompile Include="..\Engine\zlib-1.2.8\adler32.c">
      <Filter>Source Files\Sentinel_Engine\Utilities\zlib</Filter>
    </ClCompile>
    <ClCompile Include="..\Engine\zlib-1.2.8\crc32.c">
      <Filter>Source Files\Sentinel_Engine\Utilities\zlib</Filter>
    </ClCompile>
    <ClCompile Include="..\Engine\zlib-1.2.8\gzclose.c">
      <Filter>Source Files\Sentinel_Engine\Utilities\zlib</Filter>
    </ClCompile>
    <ClCompile Include="..\Engine\zlib-1.2.8\gzlib.c">
      <Filter>Source Files\Sentinel_Engine\Utilities\zlib</Filter>
    </ClCompile>
    <ClCompile Include="..\Engine\zlib-1.2.8\gzread.c">
      <Filter>Source Files\Sentinel_Engine\Utilities\zlib</Filter>
    </ClCompile>
    <ClCompile Include="..\Engine\zlib-1.2.8\gzwrite.c">
      <Filter>Source Files\Sentinel_Engine\Utilities\zlib</Filter>
    </ClCompile>
    <ClCompile Include="..\Engine\zlib-1.2.8\infback.c">
      <Filter>Source Files\Sentinel_Engine\Utilities\zlib</Filter>
    </ClCompile>
    <ClCompile Include="..\Engine\zlib-1.2.8\inffast.c">
      <Filter>Source Files\Sentinel_Engine\Utilities\zlib</Filter>
    </ClCompile>
    <ClCompile Include="..\Engine\zlib-1.2.8\inftrees.c">
      <Filter>Source Files\Sentinel_Engine\Utilities\zlib</Filter>
    </ClCompile>
    <ClCompile Include="..\Engine\zlib-1.2.8\trees.c">
      <Filter>Source Files\Sentinel_Engine\Utilities\zlib</Filter>
    </ClCompile>
    <ClCompile Include="..\Engine\zlib-1.2.8\zutil.c">
      <Filter>Source Files\Sentinel_Engine\Utilities\zlib</Filter>
    </ClCompile>
    <ClCompile Include="..\Engine\src\Timing.cpp">
      <Filter>Source Files\Sentinel_Engine\Systems</Filter>
    </ClCompile>
    <ClCompile Include="..\Engine\src\AudioSystemAL.cpp">
      <Filter>Source Files\Sentinel_Engine\Systems</Filter>
    </ClCompile>
    <ClCompile Include="..\Engine\src\Sound.cpp">
      <Filter>Source Files\Sentinel_Engine\Assets</Filter>
    </ClCompile>
    <ClCompile Include="..\Engine\src\ParticleEmitterComponent.cpp">
      <Filter>Source Files\Sentinel_Engine\Components\Drawables</Filter>
    </ClCompile>
    <ClCompile Include="..\Engine\src\Sprite.cpp">
      <Filter>Source Files\Sentinel_Engine\Assets</Filter>
    </ClCompile>
    <ClCompile Include="..\Engine\src\TriggerComponent.cpp">
      <Filter>Source Files\Sentinel_Engine\Components\Physics</Filter>
    </ClCompile>
    <ClCompile Include="..\Engine\src\SpriteSystem.cpp">
      <Filter>Source Files\Sentinel_Engine\Systems</Filter>
    </ClCompile>
    <ClCompile Include="..\Engine\src\TransformComponent.cpp">
      <Filter>Source Files\Sentinel_Engine\Components\Physics</Filter>
    </ClCompile>
    <ClCompile Include="..\Engine\src\MeshManager.cpp">
      <Filter>Source Files\Sentinel_Engine\Assets\Manager</Filter>
    </ClCompile>
    <ClCompile Include="..\Engine\src\ModelManager.cpp">
      <Filter>Source Files\Sentinel_Engine\Assets\Manager</Filter>
    </ClCompile>
    <ClCompile Include="..\Engine\src\ShaderManager.cpp">
      <Filter>Source Files\Sentinel_Engine\Assets\Manager</Filter>
    </ClCompile>
    <ClCompile Include="..\Engine\src\SoundManager.cpp">
      <Filter>Source Files\Sentinel_Engine\Assets\Manager</Filter>
    </ClCompile>
    <ClCompile Include="..\Engine\src\TextureManager.cpp">
      <Filter>Source Files\Sentinel_Engine\Assets\Manager</Filter>
    </ClCompile>
    <ClCompile Include="..\Engine\src\SpriteManager.cpp">
      <Filter>Source Files\Sentinel_Engine\Assets\Manager</Filter>
    </ClCompile>
    <ClCompile Include="..\Engine\src\GameWindow.cpp">
      <Filter>Source Files\Sentinel_Engine\Components</Filter>
    </ClCompile>
    <ClCompile Include="..\Engine\src\WidgetComponent.cpp">
      <Filter>Source Files\Sentinel_Engine\Components\Drawables</Filter>
    </ClCompile>
    <ClCompile Include="..\Engine\src\GUI\Widget.cpp">
      <Filter>Source Files\Sentinel_Engine\GUI</Filter>
    </ClCompile>
    <ClCompile Include="..\Engine\src\Serializable.cpp">
      <Filter>Source Files\Sentinel_Engine\Utilities</Filter>
    </ClCompile>
    <ClCompile Include="..\Engine\src\FontSystemFT.cpp">
      <Filter>Source Files\Sentinel_Engine\Systems</Filter>
    </ClCompile>
    <ClCompile Include="..\Engine\src\PhysicsSystemBT.cpp">
      <Filter>Source Files\Sentinel_Engine\Systems\Physics</Filter>
    </ClCompile>
    <ClCompile Include="..\Engine\src\PhysicsSystemSE.cpp">
      <Filter>Source Files\Sentinel_Engine\Systems\Physics</Filter>
    </ClCompile>
    <ClCompile Include="..\Engine\src\PhysicsShape.cpp">
      <Filter>Source Files\Sentinel_Engine\Systems\Physics</Filter>
    </ClCompile>
    <ClCompile Include="..\Engine\src\PhysicsSystem.cpp">
      <Filter>Source Files\Sentinel_Engine\Systems\Physics</Filter>
    </ClCompile>
    <ClCompile Include="..\Engine\src\ParticleSystemNormal.cpp">
      <Filter>Source Files\Sentinel_Engine\Systems\Particles</Filter>
    </ClCompile>
    <ClCompile Include="..\Engine\src\ParticleSystem.cpp">
      <Filter>Source Files\Sentinel_Engine\Systems\Particles</Filter>
    </ClCompile>
    <ClCompile Include="..\Engine\src\Particle.cpp">
      <Filter>Source Files\Sentinel_Engine\Systems\Particles</Filter>
    </ClCompile>
    <ClCompile Include="..\Engine\src\ParticleEffect.cpp">
      <Filter>Source Files\Sentinel_Engine\Systems\Particles</Filter>
    </ClCompile>
    <ClCompile Include="..\Engine\src\ColorRGBA.cpp">
      <Filter>Source Files\Sentinel_Engine\Misc</Filter>
    </ClCompile>
    <ClCompile Include="..\Engine\src\Renderer.cpp">
      <Filter>Source Files\Sentinel_Engine\Systems\Renderer</Filter>
    </ClCompile>
    <ClCompile Include="..\Engine\src\GUI\WidgetObject.cpp">
      <Filter>Source Files\Sentinel_Engine\GUI</Filter>
    </ClCompile>
    <ClCompile Include="..\Engine\src\GUI\ControllerWidget.cpp">
      <Filter>Source Files\Sentinel_Engine\GUI\Controller</Filter>
    </ClCompile>
    <ClCompile Include="..\Engine\src\GUI\ViewWidget.cpp">
      <Filter>Source Files\Sentinel_Engine\GUI\View</Filter>
    </ClCompile>
    <ClCompile Include="..\Engine\src\GUI\SpriteControllerWidget.cpp">
      <Filter>Source Files\Sentinel_Engine\GUI\Controller</Filter>
    </ClCompile>
    <ClCompile Include="..\Engine\src\GUI\Button.cpp">
      <Filter>Source Files\Sentinel_Engine\GUI\Controller</Filter>
    </ClCompile>
    <ClCompile Include="..\Engine\src\GUI\SpriteButtonWidget.cpp">
      <Filter>Source Files\Sentinel_Engine\GUI\Controller</Filter>
    </ClCompile>
    <ClCompile Include="..\Engine\src\GUI\SpriteViewWidget.cpp">
      <Filter>Source Files\Sentinel_Engine\GUI\View</Filter>
    </ClCompile>
    <ClCompile Include="..\Engine\src\GUI\LabelWidget.cpp">
      <Filter>Source Files\Sentinel_Engine\GUI\View</Filter>
    </ClCompile>
    <ClCompile Include="..\Engine\src\GUI\MeshViewWidget.cpp">
      <Filter>Source Files\Sentinel_Engine\GUI\View</Filter>
    </ClCompile>
    <ClCompile Include="..\Engine\src\GUI\ModelWidget.cpp">
      <Filter>Source Files\Sentinel_Engine\GUI\Model</Filter>
    </ClCompile>
    <ClCompile Include="..\Engine\src\GUI\WidgetWorld.cpp">
      <Filter>Source Files\Sentinel_Engine\GUI</Filter>
    </ClCompile>
    <ClCompile Include="..\Engine\src\GameComponent.cpp">
      <Filter>Source Files\Sentinel_Engine\Components</Filter>
    </ClCompile>
    <ClCompile Include="..\Engine\src\Shape.cpp">
      <Filter>Source Files\Sentinel_Engine\Misc</Filter>
    </ClCompile>
    <ClCompile Include="..\Engine\src\Debug.cpp">
      <Filter>Source Files\Sentinel_Engine\Systems</Filter>
    </ClCompile>
    <ClCompile Include="..\Engine\src\Tokenizer.cpp">
      <Filter>Source Files\Sentinel_Engine\Utilities</Filter>
    </ClCompile>
    <ClCompile Include="..\Engine\src\VertexLayout.cpp">
      <Filter>Source Files\Sentinel_Engine\Systems\Renderer</Filter>
    </ClCompile>
    <ClCompile Include="..\Engine\src\Buffer.cpp">
      <Filter>Source Files\Sentinel_Engine\Systems\Renderer</Filter>
    </ClCompile>
    <ClCompile Include="..\Engine\src\GL\BufferGL.cpp">
      <Filter>Source Files\Sentinel_Engine\Systems\Renderer\GL</Filter>
    </ClCompile>
    <ClCompile Include="..\Engine\src\GL\RendererGL.cpp">
      <Filter>Source Files\Sentinel_Engine\Systems\Renderer\GL</Filter>
    </ClCompile>
    <ClCompile Include="..\Engine\src\GL\ShaderGL.cpp">
      <Filter>Source Files\Sentinel_Engine\Systems\Renderer\GL</Filter>
    </ClCompile>
    <ClCompile Include="..\Engine\src\GL\TextureGL.cpp">
      <Filter>Source Files\Sentinel_Engine\Systems\Renderer\GL</Filter>
    </ClCompile>
    <ClCompile Include="..\Engine\src\GL\VertexLayoutGL.cpp">
      <Filter>Source Files\Sentinel_Engine\Systems\Renderer\GL</Filter>
    </ClCompile>
    <ClCompile Include="..\Engine\src\DX\BufferDX.cpp">
      <Filter>Source Files\Sentinel_Engine\Systems\Renderer\DX</Filter>
    </ClCompile>
    <ClCompile Include="..\Engine\src\DX\RendererDX.cpp">
      <Filter>Source Files\Sentinel_Engine\Systems\Renderer\DX</Filter>
    </ClCompile>
    <ClCompile Include="..\Engine\src\DX\TextureDX.cpp">
      <Filter>Source Files\Sentinel_Engine\Systems\Renderer\DX</Filter>
    </ClCompile>
    <ClCompile Include="..\Engine\src\DX\ShaderDX.cpp">
      <Filter>Source Files\Sentinel_Engine\Systems\Renderer\DX</Filter>
    </ClCompile>
    <ClCompile Include="..\Engine\src\DX\VertexLayoutDX.cpp">
      <Filter>Source Files\Sentinel_Engine\Systems\Renderer\DX</Filter>
    </ClCompile>
    <ClCompile Include="..\Engine\src\Material.cpp">
      <Filter>Source Files\Sentinel_Engine\Assets</Filter>
    </ClCompile>
    <ClCompile Include="..\Engine\src\MaterialManager.cpp">
      <Filter>Source Files\Sentinel_Engine\Assets\Manager</Filter>
    </ClCompile>
    <ClCompile Include="..\Engine\src\PointLightComponent.cpp">
      <Filter>Source Files\Sentinel_Engine\Components\Light</Filter>
    </ClCompile>
    <ClCompile Include="..\Engine\src\LightComponent.cpp">
      <Filter>Source Files\Sentinel_Engine\Components\Light</Filter>
    </ClCompile>
    <ClCompile Include="..\Engine\src\Shader.cpp">
      <Filter>Source Files\Sentinel_Engine\Systems\Renderer</Filter>
    </ClCompile>
    <ClCompile Include="..\Engine\src\Texture.cpp">
      <Filter>Source Files\Sentinel_Engine\Systems\Renderer</Filter>
    </ClCompile>
  </ItemGroup>
  <ItemGroup>
    <None Include="..\Engine\src\sin16.inl">
      <Filter>Source Files\Sentinel_Engine\Utilities</Filter>
    </None>
    <None Include="..\Engine\src\sin8.inl">
      <Filter>Source Files\Sentinel_Engine\Utilities</Filter>
    </None>
  </ItemGroup>
</Project>