<?xml version="1.0" encoding="utf-8"?>
<Project ToolsVersion="4.0" xmlns="http://schemas.microsoft.com/developer/msbuild/2003">
  <ItemGroup>
    <Filter Include="Source Files">
      <UniqueIdentifier>{4FC737F1-C7A5-4376-A066-2A32D752A2FF}</UniqueIdentifier>
      <Extensions>cpp;c;cc;cxx;def;odl;idl;hpj;bat;asm;asmx</Extensions>
    </Filter>
    <Filter Include="Header Files">
      <UniqueIdentifier>{93995380-89BD-4b04-88EB-625FBE52EBFB}</UniqueIdentifier>
      <Extensions>h;hpp;hxx;hm;inl;inc;xsd</Extensions>
    </Filter>
    <Filter Include="Resource Files">
      <UniqueIdentifier>{67DA6AB6-F800-4c08-8B7A-83BB121AAD01}</UniqueIdentifier>
      <Extensions>rc;ico;cur;bmp;dlg;rc2;rct;bin;rgs;gif;jpg;jpeg;jpe;resx;tiff;tif;png;wav;mfcribbon-ms</Extensions>
    </Filter>
    <Filter Include="Sentinel_Engine">
      <UniqueIdentifier>{af1a52fa-5b3b-4034-97c3-6176d580ae87}</UniqueIdentifier>
    </Filter>
    <Filter Include="Sentinel_Engine\Math">
      <UniqueIdentifier>{a76a2807-84de-4ed2-b7cd-24242569f757}</UniqueIdentifier>
    </Filter>
    <Filter Include="Sentinel_Engine\Systems">
      <UniqueIdentifier>{609a4140-ff20-4623-b3b1-5effc4d55525}</UniqueIdentifier>
    </Filter>
    <Filter Include="Sentinel_Engine\Assets">
      <UniqueIdentifier>{16fc0709-130f-4ec6-89b7-85d3f741b9f8}</UniqueIdentifier>
    </Filter>
    <Filter Include="Sentinel_Engine\Utilities">
      <UniqueIdentifier>{167d1854-883e-42af-9713-194a9688aa6f}</UniqueIdentifier>
    </Filter>
    <Filter Include="Sentinel_Engine\Components">
      <UniqueIdentifier>{ef2ab701-1f73-4792-b2e0-0fb45ca49e44}</UniqueIdentifier>
    </Filter>
    <Filter Include="Sentinel_Engine\Components\Core">
      <UniqueIdentifier>{cf19ad5a-898a-48fd-b265-cbb17b613167}</UniqueIdentifier>
    </Filter>
    <Filter Include="Sentinel_Engine\Components\Drawables">
      <UniqueIdentifier>{66a5cd8f-b13f-4714-ba83-828c6b14ab4e}</UniqueIdentifier>
    </Filter>
    <Filter Include="Sentinel_Engine\Components\Physics">
      <UniqueIdentifier>{a1e5d501-e965-4158-92db-14aee84c8dc3}</UniqueIdentifier>
    </Filter>
  </ItemGroup>
  <ItemGroup>
    <ClInclude Include="Sentinel_CLR.h">
      <Filter>Header Files</Filter>
    </ClInclude>
    <ClInclude Include="Stdafx.h">
      <Filter>Header Files</Filter>
    </ClInclude>
    <ClInclude Include="resource.h">
      <Filter>Header Files</Filter>
    </ClInclude>
    <ClInclude Include="..\Engine\src\CLR\WMatrix4f.h">
      <Filter>Sentinel_Engine\Math</Filter>
    </ClInclude>
    <ClInclude Include="..\Engine\src\CLR\WQuatf.h">
      <Filter>Sentinel_Engine\Math</Filter>
    </ClInclude>
    <ClInclude Include="..\Engine\src\CLR\WVector2f.h">
      <Filter>Sentinel_Engine\Math</Filter>
    </ClInclude>
    <ClInclude Include="..\Engine\src\CLR\WVector3f.h">
      <Filter>Sentinel_Engine\Math</Filter>
    </ClInclude>
    <ClInclude Include="..\Engine\src\CLR\WVector4f.h">
      <Filter>Sentinel_Engine\Math</Filter>
    </ClInclude>
    <ClInclude Include="..\Engine\src\CLR\WRenderer.h">
      <Filter>Sentinel_Engine\Systems</Filter>
    </ClInclude>
    <ClInclude Include="..\Engine\src\CLR\WGameWindow.h">
      <Filter>Sentinel_Engine\Systems</Filter>
    </ClInclude>
    <ClInclude Include="..\Engine\src\CLR\WMaterial.h">
      <Filter>Sentinel_Engine\Assets</Filter>
    </ClInclude>
    <ClInclude Include="..\Engine\src\CLR\WTransformComponent.h">
      <Filter>Sentinel_Engine\Components\Core</Filter>
    </ClInclude>
    <ClInclude Include="..\Engine\src\CLR\WGameObject.h">
      <Filter>Sentinel_Engine\Components</Filter>
    </ClInclude>
    <ClInclude Include="..\Engine\src\CLR\WGameWorld.h">
      <Filter>Sentinel_Engine\Components</Filter>
    </ClInclude>
    <ClInclude Include="..\Engine\src\CLR\WCameraComponent.h">
      <Filter>Sentinel_Engine\Components\Core</Filter>
    </ClInclude>
    <ClInclude Include="..\Engine\src\CLR\WGameComponent.h">
      <Filter>Sentinel_Engine\Components\Core</Filter>
    </ClInclude>
    <ClInclude Include="..\Engine\src\CLR\WPerspectiveCameraComponent.h">
      <Filter>Sentinel_Engine\Components\Core</Filter>
    </ClInclude>
    <ClInclude Include="..\Engine\src\CLR\WMeshBuilder.h">
      <Filter>Sentinel_Engine\Assets</Filter>
    </ClInclude>
    <ClInclude Include="..\Engine\src\CLR\WDrawableComponent.h">
      <Filter>Sentinel_Engine\Components\Drawables</Filter>
    </ClInclude>
    <ClInclude Include="..\Engine\src\CLR\WMeshComponent.h">
      <Filter>Sentinel_Engine\Components\Drawables</Filter>
    </ClInclude>
    <ClInclude Include="..\Engine\src\CLR\WShader.h">
      <Filter>Sentinel_Engine\Assets</Filter>
    </ClInclude>
    <ClInclude Include="..\Engine\src\CLR\WLightComponent.h">
      <Filter>Sentinel_Engine\Components\Core</Filter>
    </ClInclude>
    <ClInclude Include="..\Engine\src\CLR\WInput.h">
      <Filter>Sentinel_Engine\Systems</Filter>
    </ClInclude>
    <ClInclude Include="..\Engine\src\CLR\Property.h">
      <Filter>Sentinel_Engine\Utilities</Filter>
    </ClInclude>
    <ClInclude Include="..\Engine\src\CLR\WTexture.h">
      <Filter>Sentinel_Engine\Assets</Filter>
    </ClInclude>
    <ClInclude Include="..\Engine\src\CLR\WModel.h">
      <Filter>Sentinel_Engine\Assets</Filter>
    </ClInclude>
    <ClInclude Include="..\Engine\src\CLR\WMesh.h">
      <Filter>Sentinel_Engine\Assets</Filter>
    </ClInclude>
    <ClInclude Include="..\Engine\src\CLR\WBuffer.h">
      <Filter>Sentinel_Engine\Assets</Filter>
    </ClInclude>
    <ClInclude Include="..\Engine\src\CLR\m_shared_ptr.h">
      <Filter>Sentinel_Engine\Utilities</Filter>
    </ClInclude>
    <ClInclude Include="..\Engine\src\CLR\WModelComponent.h">
      <Filter>Sentinel_Engine\Components\Drawables</Filter>
    </ClInclude>
    <ClInclude Include="..\Engine\src\CLR\WShape.h">
      <Filter>Sentinel_Engine\Math</Filter>
    </ClInclude>
    <ClInclude Include="..\Engine\src\CLR\WStdVector.h">
      <Filter>Sentinel_Engine\Utilities</Filter>
    </ClInclude>
    <ClInclude Include="..\Engine\src\CLR\WString.h">
      <Filter>Sentinel_Engine\Utilities</Filter>
    </ClInclude>
    <ClInclude Include="..\Engine\src\CLR\WColorRGBA.h">
      <Filter>Sentinel_Engine\Assets</Filter>
    </ClInclude>
    <ClInclude Include="..\Engine\src\CLR\WTextureManager.h">
      <Filter>Sentinel_Engine\Assets</Filter>
    </ClInclude>
    <ClInclude Include="..\Engine\src\CLR\WAssetManager.h">
      <Filter>Sentinel_Engine\Assets</Filter>
    </ClInclude>
    <ClInclude Include="..\Engine\src\CLR\WShaderManager.h">
      <Filter>Sentinel_Engine\Assets</Filter>
    </ClInclude>
    <ClInclude Include="..\Engine\src\CLR\WArchive.h">
      <Filter>Sentinel_Engine\Utilities</Filter>
    </ClInclude>
    <ClInclude Include="..\Engine\src\CLR\WMeshManager.h">
      <Filter>Sentinel_Engine\Assets</Filter>
    </ClInclude>
    <ClInclude Include="..\Engine\src\CLR\WModelManager.h">
      <Filter>Sentinel_Engine\Assets</Filter>
    </ClInclude>
    <ClInclude Include="..\Engine\src\CLR\WControllerComponent.h">
      <Filter>Sentinel_Engine\Components\Physics</Filter>
    </ClInclude>
    <ClInclude Include="..\Engine\src\CLR\WPlayerControllerComponent.h">
      <Filter>Sentinel_Engine\Components\Physics</Filter>
    </ClInclude>
    <ClInclude Include="..\Engine\src\CLR\WPhysicsComponent.h">
      <Filter>Sentinel_Engine\Components\Physics</Filter>
    </ClInclude>
  </ItemGroup>
  <ItemGroup>
    <ClCompile Include="Sentinel_CLR.cpp">
      <Filter>Source Files</Filter>
    </ClCompile>
    <ClCompile Include="AssemblyInfo.cpp">
      <Filter>Source Files</Filter>
    </ClCompile>
    <ClCompile Include="Stdafx.cpp">
      <Filter>Source Files</Filter>
    </ClCompile>
    <ClCompile Include="..\Engine\src\CLR\WMatrix4f.cpp">
      <Filter>Sentinel_Engine\Math</Filter>
    </ClCompile>
    <ClCompile Include="..\Engine\src\CLR\WQuatf.cpp">
      <Filter>Sentinel_Engine\Math</Filter>
    </ClCompile>
    <ClCompile Include="..\Engine\src\CLR\WVector2f.cpp">
      <Filter>Sentinel_Engine\Math</Filter>
    </ClCompile>
    <ClCompile Include="..\Engine\src\CLR\WVector3f.cpp">
      <Filter>Sentinel_Engine\Math</Filter>
    </ClCompile>
    <ClCompile Include="..\Engine\src\CLR\WVector4f.cpp">
      <Filter>Sentinel_Engine\Math</Filter>
    </ClCompile>
    <ClCompile Include="..\Engine\src\CLR\WRenderer.cpp">
      <Filter>Sentinel_Engine\Systems</Filter>
    </ClCompile>
    <ClCompile Include="..\Engine\src\CLR\WGameWindow.cpp">
      <Filter>Sentinel_Engine\Systems</Filter>
    </ClCompile>
    <ClCompile Include="..\Engine\src\CLR\WMaterial.cpp">
      <Filter>Sentinel_Engine\Assets</Filter>
    </ClCompile>
    <ClCompile Include="..\Engine\src\CLR\WTransformComponent.cpp">
      <Filter>Sentinel_Engine\Components\Core</Filter>
    </ClCompile>
    <ClCompile Include="..\Engine\src\CLR\WGameObject.cpp">
      <Filter>Sentinel_Engine\Components</Filter>
    </ClCompile>
    <ClCompile Include="..\Engine\src\CLR\WGameWorld.cpp">
      <Filter>Sentinel_Engine\Components</Filter>
    </ClCompile>
    <ClCompile Include="..\Engine\src\CLR\WGameComponent.cpp">
      <Filter>Sentinel_Engine\Components\Core</Filter>
    </ClCompile>
    <ClCompile Include="..\Engine\src\CLR\WCameraComponent.cpp">
      <Filter>Sentinel_Engine\Components\Core</Filter>
    </ClCompile>
    <ClCompile Include="..\Engine\src\CLR\WPerspectiveCameraComponent.cpp">
      <Filter>Sentinel_Engine\Components\Core</Filter>
    </ClCompile>
    <ClCompile Include="..\Engine\src\CLR\WMeshBuilder.cpp">
      <Filter>Sentinel_Engine\Assets</Filter>
    </ClCompile>
    <ClCompile Include="..\Engine\src\CLR\WMeshComponent.cpp">
      <Filter>Sentinel_Engine\Components\Drawables</Filter>
    </ClCompile>
    <ClCompile Include="..\Engine\src\CLR\WShader.cpp">
      <Filter>Sentinel_Engine\Assets</Filter>
    </ClCompile>
    <ClCompile Include="..\Engine\src\CLR\WLightComponent.cpp">
      <Filter>Sentinel_Engine\Components\Core</Filter>
    </ClCompile>
    <ClCompile Include="..\Engine\src\CLR\WInput.cpp">
      <Filter>Sentinel_Engine\Systems</Filter>
    </ClCompile>
    <ClCompile Include="..\Engine\src\CLR\WTexture.cpp">
      <Filter>Sentinel_Engine\Assets</Filter>
    </ClCompile>
    <ClCompile Include="..\Engine\src\CLR\WModel.cpp">
      <Filter>Sentinel_Engine\Assets</Filter>
    </ClCompile>
    <ClCompile Include="..\Engine\src\CLR\WMesh.cpp">
      <Filter>Sentinel_Engine\Assets</Filter>
    </ClCompile>
    <ClCompile Include="..\Engine\src\CLR\WBuffer.cpp">
      <Filter>Sentinel_Engine\Assets</Filter>
    </ClCompile>
    <ClCompile Include="..\Engine\src\CLR\WDrawableComponent.cpp">
      <Filter>Sentinel_Engine\Components\Drawables</Filter>
    </ClCompile>
    <ClCompile Include="..\Engine\src\CLR\WModelComponent.cpp">
      <Filter>Sentinel_Engine\Components\Drawables</Filter>
    </ClCompile>
    <ClCompile Include="..\Engine\src\CLR\WShape.cpp">
      <Filter>Sentinel_Engine\Math</Filter>
    </ClCompile>
    <ClCompile Include="..\Engine\src\CLR\WString.cpp">
      <Filter>Sentinel_Engine\Utilities</Filter>
    </ClCompile>
    <ClCompile Include="..\Engine\src\CLR\WColorRGBA.cpp">
      <Filter>Sentinel_Engine\Assets</Filter>
    </ClCompile>
    <ClCompile Include="..\Engine\src\CLR\WTextureManager.cpp">
      <Filter>Sentinel_Engine\Assets</Filter>
    </ClCompile>
    <ClCompile Include="..\Engine\src\CLR\WShaderManager.cpp">
      <Filter>Sentinel_Engine\Assets</Filter>
    </ClCompile>
    <ClCompile Include="..\Engine\src\CLR\WArchive.cpp">
      <Filter>Sentinel_Engine\Utilities</Filter>
    </ClCompile>
    <ClCompile Include="..\Engine\src\CLR\WMeshManager.cpp">
      <Filter>Sentinel_Engine\Assets</Filter>
    </ClCompile>
    <ClCompile Include="..\Engine\src\CLR\WModelManager.cpp">
      <Filter>Sentinel_Engine\Assets</Filter>
    </ClCompile>
    <ClCompile Include="..\Engine\src\CLR\WControllerComponent.cpp">
      <Filter>Sentinel_Engine\Components\Physics</Filter>
    </ClCompile>
    <ClCompile Include="..\Engine\src\CLR\WPlayerControllerComponent.cpp">
      <Filter>Sentinel_Engine\Components\Physics</Filter>
    </ClCompile>
    <ClCompile Include="..\Engine\src\CLR\WPhysicsComponent.cpp">
      <Filter>Sentinel_Engine\Components\Physics</Filter>
    </ClCompile>
  </ItemGroup>
  <ItemGroup>
    <None Include="ReadMe.txt" />
    <None Include="app.ico">
      <Filter>Resource Files</Filter>
    </None>
  </ItemGroup>
  <ItemGroup>
    <ResourceCompile Include="app.rc">
      <Filter>Resource Files</Filter>
    </ResourceCompile>
  </ItemGroup>
</Project>